{
  "version": 4,
  "terraform_version": "1.11.3",
  "serial": 263,
  "lineage": "c9dcd4bc-dc59-13ef-a0b5-074f176df713",
  "outputs": {
    "api_public_ip": {
      "value": "44.221.50.92",
      "type": "string"
    },
    "api_url": {
      "value": "http://32.194.169.116",
      "type": "string"
    },
    "balancer_public_ip": {
      "value": "32.194.169.116",
      "type": "string"
    },
    "consumer_delete_public_ip": {
      "value": "3.238.228.16",
      "type": "string"
    },
    "consumer_post_public_ip": {
      "value": "44.192.13.61",
      "type": "string"
    },
    "postgres_public_ip": {
      "value": "34.204.194.217",
      "type": "string"
    },
    "rabbitmq_public_ip": {
      "value": "44.213.65.95",
      "type": "string"
    }
  },
  "resources": [
    {
      "mode": "data",
      "type": "aws_subnets",
      "name": "default",
      "provider": "provider[\"registry.terraform.io/hashicorp/aws\"]",
      "instances": [
        {
          "schema_version": 0,
          "attributes": {
            "filter": [
              {
                "name": "defaultForAz",
                "values": [
                  "true"
                ]
              },
              {
                "name": "vpc-id",
                "values": [
                  "vpc-0e5438615f5248655"
                ]
              }
            ],
            "id": "us-east-1",
            "ids": [
              "subnet-0073dbfbd50821cc8",
              "subnet-07fcdcbddd9ce4809",
              "subnet-0246f66d359b24080",
              "subnet-05436fc108edfecb2",
              "subnet-05338aff89a86edae",
              "subnet-065d2d713f9349ef3"
            ],
            "region": "us-east-1",
            "tags": null,
            "timeouts": null
          },
          "sensitive_attributes": []
        }
      ]
    },
    {
      "mode": "data",
      "type": "aws_vpc",
      "name": "default",
      "provider": "provider[\"registry.terraform.io/hashicorp/aws\"]",
      "instances": [
        {
          "schema_version": 0,
          "attributes": {
            "arn": "arn:aws:ec2:us-east-1:750375256738:vpc/vpc-0e5438615f5248655",
            "cidr_block": "172.31.0.0/16",
            "cidr_block_associations": [
              {
                "association_id": "vpc-cidr-assoc-0d9d8068e9882c4c8",
                "cidr_block": "172.31.0.0/16",
                "state": "associated"
              }
            ],
            "default": true,
            "dhcp_options_id": "dopt-0db80d281c489289e",
            "enable_dns_hostnames": true,
            "enable_dns_support": true,
            "enable_network_address_usage_metrics": false,
            "filter": null,
            "id": "vpc-0e5438615f5248655",
            "instance_tenancy": "default",
            "ipv6_association_id": "",
            "ipv6_cidr_block": "",
            "main_route_table_id": "rtb-01976f739fce8253a",
            "owner_id": "750375256738",
            "region": "us-east-1",
            "state": null,
            "tags": {},
            "timeouts": null
          },
          "sensitive_attributes": []
        }
      ]
    },
    {
      "mode": "managed",
      "type": "aws_instance",
      "name": "api",
      "provider": "provider[\"registry.terraform.io/hashicorp/aws\"]",
      "instances": [
        {
          "schema_version": 2,
          "attributes": {
            "ami": "ami-02dfbd4ff395f2a1b",
            "arn": "arn:aws:ec2:us-east-1:750375256738:instance/i-02774ae073f1bb789",
            "associate_public_ip_address": true,
            "availability_zone": "us-east-1f",
            "capacity_reservation_specification": [
              {
                "capacity_reservation_preference": "open",
                "capacity_reservation_target": []
              }
            ],
            "cpu_options": [
              {
                "amd_sev_snp": "",
                "core_count": 1,
                "nested_virtualization": "",
                "threads_per_core": 2
              }
            ],
            "credit_specification": [
              {
                "cpu_credits": "unlimited"
              }
            ],
            "disable_api_stop": false,
            "disable_api_termination": false,
            "ebs_block_device": [],
            "ebs_optimized": false,
            "enable_primary_ipv6": null,
            "enclave_options": [
              {
                "enabled": false
              }
            ],
            "ephemeral_block_device": [],
            "force_destroy": false,
            "get_password_data": false,
            "hibernation": false,
            "host_id": "",
            "host_resource_group_arn": null,
            "iam_instance_profile": "LabInstanceProfile",
            "id": "i-02774ae073f1bb789",
            "instance_initiated_shutdown_behavior": "stop",
            "instance_lifecycle": "",
            "instance_market_options": [],
            "instance_state": "running",
            "instance_type": "t3.micro",
            "ipv6_address_count": 0,
            "ipv6_addresses": [],
            "key_name": "",
            "launch_template": [],
            "maintenance_options": [
              {
                "auto_recovery": "default"
              }
            ],
            "metadata_options": [
              {
                "http_endpoint": "enabled",
                "http_protocol_ipv6": "disabled",
                "http_put_response_hop_limit": 2,
                "http_tokens": "required",
                "instance_metadata_tags": "disabled"
              }
            ],
            "monitoring": false,
            "network_interface": [],
            "outpost_arn": "",
            "password_data": "",
            "placement_group": "",
            "placement_group_id": "",
            "placement_partition_number": 0,
            "primary_network_interface": [
              {
                "delete_on_termination": true,
                "network_interface_id": "eni-06972ba166167a8f1"
              }
            ],
            "primary_network_interface_id": "eni-06972ba166167a8f1",
            "private_dns": "ip-172-31-75-191.ec2.internal",
            "private_dns_name_options": [
              {
                "enable_resource_name_dns_a_record": false,
                "enable_resource_name_dns_aaaa_record": false,
                "hostname_type": "ip-name"
              }
            ],
            "private_ip": "172.31.75.191",
            "public_dns": "ec2-44-221-50-92.compute-1.amazonaws.com",
            "public_ip": "44.221.50.92",
            "region": "us-east-1",
            "root_block_device": [
              {
                "delete_on_termination": true,
                "device_name": "/dev/xvda",
                "encrypted": false,
                "iops": 3000,
                "kms_key_id": "",
                "tags": {},
                "tags_all": {},
                "throughput": 125,
                "volume_id": "vol-049a3a5ea360c6c7b",
                "volume_size": 8,
                "volume_type": "gp3"
              }
            ],
            "secondary_network_interface": [],
            "secondary_private_ips": [],
            "security_groups": [
              "api_sg"
            ],
            "source_dest_check": true,
            "spot_instance_request_id": "",
            "subnet_id": "subnet-0073dbfbd50821cc8",
            "tags": {
              "Name": "iot-api",
              "Role": "BackendAPI"
            },
            "tags_all": {
              "Name": "iot-api",
              "Role": "BackendAPI"
            },
            "tenancy": "default",
            "timeouts": null,
            "user_data": "#!/bin/bash\n# Amazon Linux 2023 - API FastAPI via Docker\n\nsudo dnf update -y\nsudo dnf install -y docker python3 python3-pip\nsudo systemctl enable --now docker\npip3 install boto3\n\ncat \u003c\u003c'GETTER' \u003e /opt/get_parameter.py\nimport boto3\nfrom botocore.exceptions import ClientError\n\ndef get_ssm_parameter(name: str, default: str = None) -\u003e str:\n    client = boto3.client(\"ssm\", region_name=\"us-east-1\")\n    try:\n        return client.get_parameter(Name=name)[\"Parameter\"][\"Value\"]\n    except ClientError as e:\n        if e.response[\"Error\"][\"Code\"] == \"ParameterNotFound\":\n            return default\n        raise\n\nif __name__ == \"__main__\":\n    db_host = get_ssm_parameter(\"/iot/dev/postgres/public_ip\", \"localhost\")\n    mq_host = get_ssm_parameter(\"/iot/dev/rabbitmq/public_ip\", \"localhost\")\n    print(f\"DB_HOST={db_host}\")\n    print(f\"MQ_HOST={mq_host}\")\nGETTER\n\nDB_HOST=$(python3 /opt/get_parameter.py 2\u003e/dev/null | grep DB_HOST | cut -d= -f2)\nMQ_HOST=$(python3 /opt/get_parameter.py 2\u003e/dev/null | grep MQ_HOST | cut -d= -f2)\n\nsudo docker pull   juango26/iot-api:latest\nsudo docker run -d --restart=always --name api \\\n  -p 8000:8000 \\\n  -e DB_HOST=\"$${DB_HOST}\" \\\n  -e DB_PORT=5432 \\\n  -e DB_NAME=orders_db \\\n  -e DB_USER=postgres \\\n  -e DB_PASSWORD=postgres \\\n  -e RABBITMQ_HOST=\"$${MQ_HOST}\" \\\n  -e RABBITMQ_PORT=5672 \\\n  -e RABBITMQ_USER=admin \\\n  -e RABBITMQ_PASSWORD=password123 \\\n  juango26/iot-api:latest\n",
            "user_data_base64": null,
            "user_data_replace_on_change": false,
            "volume_tags": null,
            "vpc_security_group_ids": [
              "sg-03cba12073886dc10"
            ]
          },
          "sensitive_attributes": [],
          "private": "eyJlMmJmYjczMC1lY2FhLTExZTYtOGY4OC0zNDM2M2JjN2M0YzAiOnsiY3JlYXRlIjo2MDAwMDAwMDAwMDAsImRlbGV0ZSI6MTIwMDAwMDAwMDAwMCwicmVhZCI6OTAwMDAwMDAwMDAwLCJ1cGRhdGUiOjYwMDAwMDAwMDAwMH0sInNjaGVtYV92ZXJzaW9uIjoiMiJ9",
          "dependencies": [
            "aws_security_group.api_sg",
            "data.aws_subnets.default",
            "data.aws_vpc.default"
          ]
        }
      ]
    },
    {
      "mode": "managed",
      "type": "aws_instance",
      "name": "balancer",
      "provider": "provider[\"registry.terraform.io/hashicorp/aws\"]",
      "instances": [
        {
          "schema_version": 2,
          "attributes": {
            "ami": "ami-02dfbd4ff395f2a1b",
            "arn": "arn:aws:ec2:us-east-1:750375256738:instance/i-0e584557b4fc0d27f",
            "associate_public_ip_address": true,
            "availability_zone": "us-east-1f",
            "capacity_reservation_specification": [
              {
                "capacity_reservation_preference": "open",
                "capacity_reservation_target": []
              }
            ],
            "cpu_options": [
              {
                "amd_sev_snp": "",
                "core_count": 1,
                "nested_virtualization": "",
                "threads_per_core": 2
              }
            ],
            "credit_specification": [
              {
                "cpu_credits": "unlimited"
              }
            ],
            "disable_api_stop": false,
            "disable_api_termination": false,
            "ebs_block_device": [],
            "ebs_optimized": false,
            "enable_primary_ipv6": null,
            "enclave_options": [
              {
                "enabled": false
              }
            ],
            "ephemeral_block_device": [],
            "force_destroy": false,
            "get_password_data": false,
            "hibernation": false,
            "host_id": "",
            "host_resource_group_arn": null,
            "iam_instance_profile": "LabInstanceProfile",
            "id": "i-0e584557b4fc0d27f",
            "instance_initiated_shutdown_behavior": "stop",
            "instance_lifecycle": "",
            "instance_market_options": [],
            "instance_state": "running",
            "instance_type": "t3.micro",
            "ipv6_address_count": 0,
            "ipv6_addresses": [],
            "key_name": "",
            "launch_template": [],
            "maintenance_options": [
              {
                "auto_recovery": "default"
              }
            ],
            "metadata_options": [
              {
                "http_endpoint": "enabled",
                "http_protocol_ipv6": "disabled",
                "http_put_response_hop_limit": 2,
                "http_tokens": "required",
                "instance_metadata_tags": "disabled"
              }
            ],
            "monitoring": false,
            "network_interface": [],
            "outpost_arn": "",
            "password_data": "",
            "placement_group": "",
            "placement_group_id": "",
            "placement_partition_number": 0,
            "primary_network_interface": [
              {
                "delete_on_termination": true,
                "network_interface_id": "eni-0ccef8dc2fb1223da"
              }
            ],
            "primary_network_interface_id": "eni-0ccef8dc2fb1223da",
            "private_dns": "ip-172-31-78-146.ec2.internal",
            "private_dns_name_options": [
              {
                "enable_resource_name_dns_a_record": false,
                "enable_resource_name_dns_aaaa_record": false,
                "hostname_type": "ip-name"
              }
            ],
            "private_ip": "172.31.78.146",
            "public_dns": "ec2-32-194-169-116.compute-1.amazonaws.com",
            "public_ip": "32.194.169.116",
            "region": "us-east-1",
            "root_block_device": [
              {
                "delete_on_termination": true,
                "device_name": "/dev/xvda",
                "encrypted": false,
                "iops": 3000,
                "kms_key_id": "",
                "tags": {},
                "tags_all": {},
                "throughput": 125,
                "volume_id": "vol-022fd06d7c0b39f60",
                "volume_size": 8,
                "volume_type": "gp3"
              }
            ],
            "secondary_network_interface": [],
            "secondary_private_ips": [],
            "security_groups": [
              "balancer_sg"
            ],
            "source_dest_check": true,
            "spot_instance_request_id": "",
            "subnet_id": "subnet-0073dbfbd50821cc8",
            "tags": {
              "Name": "iot-balancer",
              "Role": "LoadBalancer"
            },
            "tags_all": {
              "Name": "iot-balancer",
              "Role": "LoadBalancer"
            },
            "tenancy": "default",
            "timeouts": null,
            "user_data": "#!/bin/bash\n# Amazon Linux 2023 - Balanceador HAProxy via Docker\n\nsudo dnf update -y\nsudo dnf install -y docker python3 python3-pip\nsudo systemctl enable --now docker\npip3 install boto3\n\ncat \u003c\u003c'GETTER' \u003e /opt/get_parameter.py\nimport boto3\nfrom botocore.exceptions import ClientError\n\ndef get_ssm_parameter(name: str, default: str = None) -\u003e str:\n    client = boto3.client(\"ssm\", region_name=\"us-east-1\")\n    try:\n        return client.get_parameter(Name=name)[\"Parameter\"][\"Value\"]\n    except ClientError as e:\n        if e.response[\"Error\"][\"Code\"] == \"ParameterNotFound\":\n            return default\n        raise\n\nif __name__ == \"__main__\":\n    api_ip = get_ssm_parameter(\"/iot/dev/api/public_ip\", \"localhost\")\n    print(f\"API_IP={api_ip}\")\nGETTER\n\nAPI_IP=$(python3 /opt/get_parameter.py 2\u003e/dev/null | grep API_IP | cut -d= -f2)\n\nsudo docker pull juango26/iot-balancer:latest\nsudo docker run -d --restart=always --name balancer \\\n  -p 80:80 \\\n  -e API_IP=\"${API_IP:-localhost}\" \\\n  juango26/iot-balancer:latest\n",
            "user_data_base64": null,
            "user_data_replace_on_change": false,
            "volume_tags": null,
            "vpc_security_group_ids": [
              "sg-0b85c36a31217f082"
            ]
          },
          "sensitive_attributes": [],
          "private": "eyJlMmJmYjczMC1lY2FhLTExZTYtOGY4OC0zNDM2M2JjN2M0YzAiOnsiY3JlYXRlIjo2MDAwMDAwMDAwMDAsImRlbGV0ZSI6MTIwMDAwMDAwMDAwMCwicmVhZCI6OTAwMDAwMDAwMDAwLCJ1cGRhdGUiOjYwMDAwMDAwMDAwMH0sInNjaGVtYV92ZXJzaW9uIjoiMiJ9",
          "dependencies": [
            "aws_instance.api",
            "aws_security_group.api_sg",
            "aws_security_group.balancer_sg",
            "aws_ssm_parameter.api_ip",
            "data.aws_subnets.default",
            "data.aws_vpc.default"
          ]
        }
      ]
    },
    {
      "mode": "managed",
      "type": "aws_instance",
      "name": "consumer_delete",
      "provider": "provider[\"registry.terraform.io/hashicorp/aws\"]",
      "instances": [
        {
          "schema_version": 2,
          "attributes": {
            "ami": "ami-02dfbd4ff395f2a1b",
            "arn": "arn:aws:ec2:us-east-1:750375256738:instance/i-01ac9f519bf24b8c0",
            "associate_public_ip_address": true,
            "availability_zone": "us-east-1f",
            "capacity_reservation_specification": [
              {
                "capacity_reservation_preference": "open",
                "capacity_reservation_target": []
              }
            ],
            "cpu_options": [
              {
                "amd_sev_snp": "",
                "core_count": 1,
                "nested_virtualization": "",
                "threads_per_core": 2
              }
            ],
            "credit_specification": [
              {
                "cpu_credits": "unlimited"
              }
            ],
            "disable_api_stop": false,
            "disable_api_termination": false,
            "ebs_block_device": [],
            "ebs_optimized": false,
            "enable_primary_ipv6": null,
            "enclave_options": [
              {
                "enabled": false
              }
            ],
            "ephemeral_block_device": [],
            "force_destroy": false,
            "get_password_data": false,
            "hibernation": false,
            "host_id": "",
            "host_resource_group_arn": null,
            "iam_instance_profile": "LabInstanceProfile",
            "id": "i-01ac9f519bf24b8c0",
            "instance_initiated_shutdown_behavior": "stop",
            "instance_lifecycle": "",
            "instance_market_options": [],
            "instance_state": "running",
            "instance_type": "t3.micro",
            "ipv6_address_count": 0,
            "ipv6_addresses": [],
            "key_name": "",
            "launch_template": [],
            "maintenance_options": [
              {
                "auto_recovery": "default"
              }
            ],
            "metadata_options": [
              {
                "http_endpoint": "enabled",
                "http_protocol_ipv6": "disabled",
                "http_put_response_hop_limit": 2,
                "http_tokens": "required",
                "instance_metadata_tags": "disabled"
              }
            ],
            "monitoring": false,
            "network_interface": [],
            "outpost_arn": "",
            "password_data": "",
            "placement_group": "",
            "placement_group_id": "",
            "placement_partition_number": 0,
            "primary_network_interface": [
              {
                "delete_on_termination": true,
                "network_interface_id": "eni-02948bc402938c7f0"
              }
            ],
            "primary_network_interface_id": "eni-02948bc402938c7f0",
            "private_dns": "ip-172-31-75-30.ec2.internal",
            "private_dns_name_options": [
              {
                "enable_resource_name_dns_a_record": false,
                "enable_resource_name_dns_aaaa_record": false,
                "hostname_type": "ip-name"
              }
            ],
            "private_ip": "172.31.75.30",
            "public_dns": "ec2-3-238-228-16.compute-1.amazonaws.com",
            "public_ip": "3.238.228.16",
            "region": "us-east-1",
            "root_block_device": [
              {
                "delete_on_termination": true,
                "device_name": "/dev/xvda",
                "encrypted": false,
                "iops": 3000,
                "kms_key_id": "",
                "tags": {},
                "tags_all": {},
                "throughput": 125,
                "volume_id": "vol-01943117c8aed7eae",
                "volume_size": 8,
                "volume_type": "gp3"
              }
            ],
            "secondary_network_interface": [],
            "secondary_private_ips": [],
            "security_groups": [
              "consumer_delete_sg"
            ],
            "source_dest_check": true,
            "spot_instance_request_id": "",
            "subnet_id": "subnet-0073dbfbd50821cc8",
            "tags": {
              "Name": "iot-consumer-delete",
              "Role": "AsyncWorker"
            },
            "tags_all": {
              "Name": "iot-consumer-delete",
              "Role": "AsyncWorker"
            },
            "tenancy": "default",
            "timeouts": null,
            "user_data": "#!/bin/bash\n# Amazon Linux 2023 - Consumer DELETE via Docker\n\nsudo dnf update -y\nsudo dnf install -y docker python3 python3-pip\nsudo systemctl enable --now docker\npip3 install boto3\n\ncat \u003c\u003c'GETTER' \u003e /opt/get_parameter.py\nimport boto3\nfrom botocore.exceptions import ClientError\n\ndef get_ssm_parameter(name: str, default: str = None) -\u003e str:\n    client = boto3.client(\"ssm\", region_name=\"us-east-1\")\n    try:\n        return client.get_parameter(Name=name)[\"Parameter\"][\"Value\"]\n    except ClientError as e:\n        if e.response[\"Error\"][\"Code\"] == \"ParameterNotFound\":\n            return default\n        raise\n\nif __name__ == \"__main__\":\n    db_host = get_ssm_parameter(\"/iot/dev/postgres/public_ip\", \"localhost\")\n    mq_host = get_ssm_parameter(\"/iot/dev/rabbitmq/public_ip\", \"localhost\")\n    print(f\"DB_HOST={db_host}\")\n    print(f\"MQ_HOST={mq_host}\")\nGETTER\n\nDB_HOST=$(python3 /opt/get_parameter.py 2\u003e/dev/null | grep DB_HOST | cut -d= -f2)\nMQ_HOST=$(python3 /opt/get_parameter.py 2\u003e/dev/null | grep MQ_HOST | cut -d= -f2)\n\nsudo docker pull juango26/iot-worker-delete:latest\nsudo docker run -d --restart=always --name worker_delete \\\n  -e DB_HOST=\"${DB_HOST}\" \\\n  -e DB_PORT=5432 \\\n  -e DB_NAME=orders_db \\\n  -e DB_USER=postgres \\\n  -e DB_PASSWORD=postgres \\\n  -e RABBITMQ_HOST=\"${MQ_HOST}\" \\\n  -e RABBITMQ_PORT=5672 \\\n  -e RABBITMQ_USER=admin \\\n  -e RABBITMQ_PASSWORD=password123 \\\n  juango26/iot-worker-delete:latest\n",
            "user_data_base64": null,
            "user_data_replace_on_change": false,
            "volume_tags": null,
            "vpc_security_group_ids": [
              "sg-0343d04178e038a8d"
            ]
          },
          "sensitive_attributes": [],
          "private": "eyJlMmJmYjczMC1lY2FhLTExZTYtOGY4OC0zNDM2M2JjN2M0YzAiOnsiY3JlYXRlIjo2MDAwMDAwMDAwMDAsImRlbGV0ZSI6MTIwMDAwMDAwMDAwMCwicmVhZCI6OTAwMDAwMDAwMDAwLCJ1cGRhdGUiOjYwMDAwMDAwMDAwMH0sInNjaGVtYV92ZXJzaW9uIjoiMiJ9",
          "dependencies": [
            "aws_security_group.consumer_delete_sg",
            "data.aws_subnets.default",
            "data.aws_vpc.default"
          ]
        }
      ]
    },
    {
      "mode": "managed",
      "type": "aws_instance",
      "name": "consumer_post",
      "provider": "provider[\"registry.terraform.io/hashicorp/aws\"]",
      "instances": [
        {
          "schema_version": 2,
          "attributes": {
            "ami": "ami-02dfbd4ff395f2a1b",
            "arn": "arn:aws:ec2:us-east-1:750375256738:instance/i-0c6375a2493657699",
            "associate_public_ip_address": true,
            "availability_zone": "us-east-1f",
            "capacity_reservation_specification": [
              {
                "capacity_reservation_preference": "open",
                "capacity_reservation_target": []
              }
            ],
            "cpu_options": [
              {
                "amd_sev_snp": "",
                "core_count": 1,
                "nested_virtualization": "",
                "threads_per_core": 2
              }
            ],
            "credit_specification": [
              {
                "cpu_credits": "unlimited"
              }
            ],
            "disable_api_stop": false,
            "disable_api_termination": false,
            "ebs_block_device": [],
            "ebs_optimized": false,
            "enable_primary_ipv6": null,
            "enclave_options": [
              {
                "enabled": false
              }
            ],
            "ephemeral_block_device": [],
            "force_destroy": false,
            "get_password_data": false,
            "hibernation": false,
            "host_id": "",
            "host_resource_group_arn": null,
            "iam_instance_profile": "LabInstanceProfile",
            "id": "i-0c6375a2493657699",
            "instance_initiated_shutdown_behavior": "stop",
            "instance_lifecycle": "",
            "instance_market_options": [],
            "instance_state": "running",
            "instance_type": "t3.micro",
            "ipv6_address_count": 0,
            "ipv6_addresses": [],
            "key_name": "",
            "launch_template": [],
            "maintenance_options": [
              {
                "auto_recovery": "default"
              }
            ],
            "metadata_options": [
              {
                "http_endpoint": "enabled",
                "http_protocol_ipv6": "disabled",
                "http_put_response_hop_limit": 2,
                "http_tokens": "required",
                "instance_metadata_tags": "disabled"
              }
            ],
            "monitoring": false,
            "network_interface": [],
            "outpost_arn": "",
            "password_data": "",
            "placement_group": "",
            "placement_group_id": "",
            "placement_partition_number": 0,
            "primary_network_interface": [
              {
                "delete_on_termination": true,
                "network_interface_id": "eni-0f39cb4bdd058b452"
              }
            ],
            "primary_network_interface_id": "eni-0f39cb4bdd058b452",
            "private_dns": "ip-172-31-69-189.ec2.internal",
            "private_dns_name_options": [
              {
                "enable_resource_name_dns_a_record": false,
                "enable_resource_name_dns_aaaa_record": false,
                "hostname_type": "ip-name"
              }
            ],
            "private_ip": "172.31.69.189",
            "public_dns": "ec2-44-192-13-61.compute-1.amazonaws.com",
            "public_ip": "44.192.13.61",
            "region": "us-east-1",
            "root_block_device": [
              {
                "delete_on_termination": true,
                "device_name": "/dev/xvda",
                "encrypted": false,
                "iops": 3000,
                "kms_key_id": "",
                "tags": {},
                "tags_all": {},
                "throughput": 125,
                "volume_id": "vol-0d2ce8550b2f0d7db",
                "volume_size": 8,
                "volume_type": "gp3"
              }
            ],
            "secondary_network_interface": [],
            "secondary_private_ips": [],
            "security_groups": [
              "consumer_post_sg"
            ],
            "source_dest_check": true,
            "spot_instance_request_id": "",
            "subnet_id": "subnet-0073dbfbd50821cc8",
            "tags": {
              "Name": "iot-consumer-post",
              "Role": "AsyncWorker"
            },
            "tags_all": {
              "Name": "iot-consumer-post",
              "Role": "AsyncWorker"
            },
            "tenancy": "default",
            "timeouts": null,
            "user_data": "#!/bin/bash\n# Amazon Linux 2023 - Consumer POST via Docker\n\nsudo dnf update -y\nsudo dnf install -y docker python3 python3-pip\nsudo systemctl enable --now docker\npip3 install boto3\n\ncat \u003c\u003c'GETTER' \u003e /opt/get_parameter.py\nimport boto3\nfrom botocore.exceptions import ClientError\n\ndef get_ssm_parameter(name: str, default: str = None) -\u003e str:\n    client = boto3.client(\"ssm\", region_name=\"us-east-1\")\n    try:\n        return client.get_parameter(Name=name)[\"Parameter\"][\"Value\"]\n    except ClientError as e:\n        if e.response[\"Error\"][\"Code\"] == \"ParameterNotFound\":\n            return default\n        raise\n\nif __name__ == \"__main__\":\n    db_host = get_ssm_parameter(\"/iot/dev/postgres/public_ip\", \"localhost\")\n    mq_host = get_ssm_parameter(\"/iot/dev/rabbitmq/public_ip\", \"localhost\")\n    print(f\"DB_HOST={db_host}\")\n    print(f\"MQ_HOST={mq_host}\")\nGETTER\n\nDB_HOST=$(python3 /opt/get_parameter.py 2\u003e/dev/null | grep DB_HOST | cut -d= -f2)\nMQ_HOST=$(python3 /opt/get_parameter.py 2\u003e/dev/null | grep MQ_HOST | cut -d= -f2)\n\nsudo docker pull juango26/iot-worker-post:latest\nsudo docker run -d --restart=always --name worker_post \\\n  -e DB_HOST=\"${DB_HOST}\" \\\n  -e DB_PORT=5432 \\\n  -e DB_NAME=orders_db \\\n  -e DB_USER=postgres \\\n  -e DB_PASSWORD=postgres \\\n  -e RABBITMQ_HOST=\"${MQ_HOST}\" \\\n  -e RABBITMQ_PORT=5672 \\\n  -e RABBITMQ_USER=admin \\\n  -e RABBITMQ_PASSWORD=password123 \\\n  juango26/iot-worker-post:latest\n",
            "user_data_base64": null,
            "user_data_replace_on_change": false,
            "volume_tags": null,
            "vpc_security_group_ids": [
              "sg-0e7b295b1a210c5b3"
            ]
          },
          "sensitive_attributes": [],
          "private": "eyJlMmJmYjczMC1lY2FhLTExZTYtOGY4OC0zNDM2M2JjN2M0YzAiOnsiY3JlYXRlIjo2MDAwMDAwMDAwMDAsImRlbGV0ZSI6MTIwMDAwMDAwMDAwMCwicmVhZCI6OTAwMDAwMDAwMDAwLCJ1cGRhdGUiOjYwMDAwMDAwMDAwMH0sInNjaGVtYV92ZXJzaW9uIjoiMiJ9",
          "dependencies": [
            "aws_security_group.consumer_post_sg",
            "data.aws_subnets.default",
            "data.aws_vpc.default"
          ]
        }
      ]
    },
    {
      "mode": "managed",
      "type": "aws_instance",
      "name": "postgres",
      "provider": "provider[\"registry.terraform.io/hashicorp/aws\"]",
      "instances": [
        {
          "schema_version": 2,
          "attributes": {
            "ami": "ami-02dfbd4ff395f2a1b",
            "arn": "arn:aws:ec2:us-east-1:750375256738:instance/i-0ba3a55dedd673d63",
            "associate_public_ip_address": true,
            "availability_zone": "us-east-1f",
            "capacity_reservation_specification": [
              {
                "capacity_reservation_preference": "open",
                "capacity_reservation_target": []
              }
            ],
            "cpu_options": [
              {
                "amd_sev_snp": "",
                "core_count": 1,
                "nested_virtualization": "",
                "threads_per_core": 2
              }
            ],
            "credit_specification": [
              {
                "cpu_credits": "unlimited"
              }
            ],
            "disable_api_stop": false,
            "disable_api_termination": false,
            "ebs_block_device": [],
            "ebs_optimized": false,
            "enable_primary_ipv6": null,
            "enclave_options": [
              {
                "enabled": false
              }
            ],
            "ephemeral_block_device": [],
            "force_destroy": false,
            "get_password_data": false,
            "hibernation": false,
            "host_id": "",
            "host_resource_group_arn": null,
            "iam_instance_profile": "",
            "id": "i-0ba3a55dedd673d63",
            "instance_initiated_shutdown_behavior": "stop",
            "instance_lifecycle": "",
            "instance_market_options": [],
            "instance_state": "running",
            "instance_type": "t3.micro",
            "ipv6_address_count": 0,
            "ipv6_addresses": [],
            "key_name": "",
            "launch_template": [],
            "maintenance_options": [
              {
                "auto_recovery": "default"
              }
            ],
            "metadata_options": [
              {
                "http_endpoint": "enabled",
                "http_protocol_ipv6": "disabled",
                "http_put_response_hop_limit": 2,
                "http_tokens": "required",
                "instance_metadata_tags": "disabled"
              }
            ],
            "monitoring": false,
            "network_interface": [],
            "outpost_arn": "",
            "password_data": "",
            "placement_group": "",
            "placement_group_id": "",
            "placement_partition_number": 0,
            "primary_network_interface": [
              {
                "delete_on_termination": true,
                "network_interface_id": "eni-0e73332675ddd7fa3"
              }
            ],
            "primary_network_interface_id": "eni-0e73332675ddd7fa3",
            "private_dns": "ip-172-31-74-216.ec2.internal",
            "private_dns_name_options": [
              {
                "enable_resource_name_dns_a_record": false,
                "enable_resource_name_dns_aaaa_record": false,
                "hostname_type": "ip-name"
              }
            ],
            "private_ip": "172.31.74.216",
            "public_dns": "ec2-34-204-194-217.compute-1.amazonaws.com",
            "public_ip": "34.204.194.217",
            "region": "us-east-1",
            "root_block_device": [
              {
                "delete_on_termination": true,
                "device_name": "/dev/xvda",
                "encrypted": false,
                "iops": 3000,
                "kms_key_id": "",
                "tags": {},
                "tags_all": {},
                "throughput": 125,
                "volume_id": "vol-0ffd37ce971123018",
                "volume_size": 8,
                "volume_type": "gp3"
              }
            ],
            "secondary_network_interface": [],
            "secondary_private_ips": [],
            "security_groups": [
              "postgres_sg"
            ],
            "source_dest_check": true,
            "spot_instance_request_id": "",
            "subnet_id": "subnet-0073dbfbd50821cc8",
            "tags": {
              "Name": "iot-postgres",
              "Role": "Database"
            },
            "tags_all": {
              "Name": "iot-postgres",
              "Role": "Database"
            },
            "tenancy": "default",
            "timeouts": null,
            "user_data": "#!/bin/bash\n# Amazon Linux 2023 - Instalar PostgreSQL 15\n\nsudo dnf update -y\nsudo dnf install -y postgresql15-server\n\nsudo postgresql-setup --initdb\n\nsudo sed -i \"s/#listen_addresses = 'localhost'/listen_addresses = '*'/g\" /var/lib/pgsql/data/postgresql.conf\n\necho \"host    all             all             0.0.0.0/0               scram-sha-256\" | sudo tee -a /var/lib/pgsql/data/pg_hba.conf\n\nsudo systemctl enable postgresql\nsudo systemctl start postgresql\n\n# Crear BD y tablas igual que en el docker-compose (init.sql)\nsudo -u postgres psql \u003c\u003c SQL\nALTER USER postgres WITH PASSWORD 'postgres';\nCREATE DATABASE orders_db OWNER postgres;\n\\c orders_db\nCREATE TABLE IF NOT EXISTS tasks (\n    id UUID PRIMARY KEY,\n    operacion VARCHAR(100) NOT NULL,\n    estado VARCHAR(50) NOT NULL,\n    payload JSONB,\n    result JSONB,\n    error TEXT,\n    created_at TIMESTAMP DEFAULT CURRENT_TIMESTAMP,\n    updated_at TIMESTAMP DEFAULT CURRENT_TIMESTAMP\n);\nCREATE TABLE IF NOT EXISTS orders (\n    id SERIAL PRIMARY KEY,\n    nombre VARCHAR(255) NOT NULL,\n    descripcion TEXT,\n    created_at TIMESTAMP DEFAULT CURRENT_TIMESTAMP,\n    updated_at TIMESTAMP DEFAULT CURRENT_TIMESTAMP\n);\nSQL\n",
            "user_data_base64": null,
            "user_data_replace_on_change": false,
            "volume_tags": null,
            "vpc_security_group_ids": [
              "sg-05ad0f1bd8de19e2a"
            ]
          },
          "sensitive_attributes": [],
          "private": "eyJlMmJmYjczMC1lY2FhLTExZTYtOGY4OC0zNDM2M2JjN2M0YzAiOnsiY3JlYXRlIjo2MDAwMDAwMDAwMDAsImRlbGV0ZSI6MTIwMDAwMDAwMDAwMCwicmVhZCI6OTAwMDAwMDAwMDAwLCJ1cGRhdGUiOjYwMDAwMDAwMDAwMH0sInNjaGVtYV92ZXJzaW9uIjoiMiJ9",
          "dependencies": [
            "aws_security_group.postgres_sg",
            "data.aws_subnets.default",
            "data.aws_vpc.default"
          ]
        }
      ]
    },
    {
      "mode": "managed",
      "type": "aws_instance",
      "name": "rabbitmq",
      "provider": "provider[\"registry.terraform.io/hashicorp/aws\"]",
      "instances": [
        {
          "schema_version": 2,
          "attributes": {
            "ami": "ami-02dfbd4ff395f2a1b",
            "arn": "arn:aws:ec2:us-east-1:750375256738:instance/i-04adaf4d01deb61c4",
            "associate_public_ip_address": true,
            "availability_zone": "us-east-1f",
            "capacity_reservation_specification": [
              {
                "capacity_reservation_preference": "open",
                "capacity_reservation_target": []
              }
            ],
            "cpu_options": [
              {
                "amd_sev_snp": "",
                "core_count": 1,
                "nested_virtualization": "",
                "threads_per_core": 2
              }
            ],
            "credit_specification": [
              {
                "cpu_credits": "unlimited"
              }
            ],
            "disable_api_stop": false,
            "disable_api_termination": false,
            "ebs_block_device": [],
            "ebs_optimized": false,
            "enable_primary_ipv6": null,
            "enclave_options": [
              {
                "enabled": false
              }
            ],
            "ephemeral_block_device": [],
            "force_destroy": false,
            "get_password_data": false,
            "hibernation": false,
            "host_id": "",
            "host_resource_group_arn": null,
            "iam_instance_profile": "",
            "id": "i-04adaf4d01deb61c4",
            "instance_initiated_shutdown_behavior": "stop",
            "instance_lifecycle": "",
            "instance_market_options": [],
            "instance_state": "running",
            "instance_type": "t3.micro",
            "ipv6_address_count": 0,
            "ipv6_addresses": [],
            "key_name": "",
            "launch_template": [],
            "maintenance_options": [
              {
                "auto_recovery": "default"
              }
            ],
            "metadata_options": [
              {
                "http_endpoint": "enabled",
                "http_protocol_ipv6": "disabled",
                "http_put_response_hop_limit": 2,
                "http_tokens": "required",
                "instance_metadata_tags": "disabled"
              }
            ],
            "monitoring": false,
            "network_interface": [],
            "outpost_arn": "",
            "password_data": "",
            "placement_group": "",
            "placement_group_id": "",
            "placement_partition_number": 0,
            "primary_network_interface": [
              {
                "delete_on_termination": true,
                "network_interface_id": "eni-0487f4e23bbf0e624"
              }
            ],
            "primary_network_interface_id": "eni-0487f4e23bbf0e624",
            "private_dns": "ip-172-31-68-211.ec2.internal",
            "private_dns_name_options": [
              {
                "enable_resource_name_dns_a_record": false,
                "enable_resource_name_dns_aaaa_record": false,
                "hostname_type": "ip-name"
              }
            ],
            "private_ip": "172.31.68.211",
            "public_dns": "ec2-44-213-65-95.compute-1.amazonaws.com",
            "public_ip": "44.213.65.95",
            "region": "us-east-1",
            "root_block_device": [
              {
                "delete_on_termination": true,
                "device_name": "/dev/xvda",
                "encrypted": false,
                "iops": 3000,
                "kms_key_id": "",
                "tags": {},
                "tags_all": {},
                "throughput": 125,
                "volume_id": "vol-0bb484a2ed1eb5ef9",
                "volume_size": 8,
                "volume_type": "gp3"
              }
            ],
            "secondary_network_interface": [],
            "secondary_private_ips": [],
            "security_groups": [
              "rabbitmq_sg"
            ],
            "source_dest_check": true,
            "spot_instance_request_id": "",
            "subnet_id": "subnet-0073dbfbd50821cc8",
            "tags": {
              "Name": "iot-rabbitmq",
              "Role": "MessageBroker"
            },
            "tags_all": {
              "Name": "iot-rabbitmq",
              "Role": "MessageBroker"
            },
            "tenancy": "default",
            "timeouts": null,
            "user_data": "#!/bin/bash\n# Amazon Linux 2023 - Instalar Docker y RabbitMQ via Docker Compose\n\n# 1. Update system and install Docker\nsudo dnf update -y\nsudo dnf install -y docker\n\n# 2. Install Docker Compose\nsudo curl -L \"https://github.com/docker/compose/releases/latest/download/docker-compose-$(uname -s)-$(uname -m)\" -o /usr/local/bin/docker-compose\nsudo chmod +x /usr/local/bin/docker-compose\n\n# 3. Enable and start Docker\nsudo systemctl enable docker\nsudo systemctl start docker\nsudo usermod -aG docker ec2-user\n\n# 4. Create directory for RabbitMQ\nmkdir -p /home/ec2-user/rabbitmq\ncd /home/ec2-user/rabbitmq\n\n# 5. Create docker-compose.yml\ncat \u003c\u003c 'EOF' \u003e docker-compose.yml\nservices:\n  rabbitmq:\n    image: rabbitmq:3-management\n    container_name: rabbitmq_server\n    ports:\n      - \"5672:5672\" # RabbitMQ port\n      - \"15672:15672\" # Management UI port\n    environment:\n      RABBITMQ_DEFAULT_USER: admin\n      RABBITMQ_DEFAULT_PASS: password123\n    healthcheck:\n      test: [ \"CMD\", \"rabbitmq-diagnostics\", \"-q\", \"ping\" ]\n      interval: 10s\n      timeout: 5s\n      retries: 5\nEOF\n\n# Asignar permisos al usuario ec2-user\nchown -R ec2-user:ec2-user /home/ec2-user/rabbitmq\n\n# 6. Start RabbitMQ container\nsudo docker-compose up -d\n\n",
            "user_data_base64": null,
            "user_data_replace_on_change": false,
            "volume_tags": null,
            "vpc_security_group_ids": [
              "sg-0a974b2c96038af40"
            ]
          },
          "sensitive_attributes": [],
          "private": "eyJlMmJmYjczMC1lY2FhLTExZTYtOGY4OC0zNDM2M2JjN2M0YzAiOnsiY3JlYXRlIjo2MDAwMDAwMDAwMDAsImRlbGV0ZSI6MTIwMDAwMDAwMDAwMCwicmVhZCI6OTAwMDAwMDAwMDAwLCJ1cGRhdGUiOjYwMDAwMDAwMDAwMH0sInNjaGVtYV92ZXJzaW9uIjoiMiJ9",
          "dependencies": [
            "aws_security_group.rabbitmq_sg",
            "data.aws_subnets.default",
            "data.aws_vpc.default"
          ]
        }
      ]
    },
    {
      "mode": "managed",
      "type": "aws_security_group",
      "name": "api_sg",
      "provider": "provider[\"registry.terraform.io/hashicorp/aws\"]",
      "instances": [
        {
          "schema_version": 1,
          "attributes": {
            "arn": "arn:aws:ec2:us-east-1:750375256738:security-group/sg-03cba12073886dc10",
            "description": "Allow SSH and Flask API",
            "egress": [
              {
                "cidr_blocks": [
                  "0.0.0.0/0"
                ],
                "description": "",
                "from_port": 0,
                "ipv6_cidr_blocks": [],
                "prefix_list_ids": [],
                "protocol": "-1",
                "security_groups": [],
                "self": false,
                "to_port": 0
              }
            ],
            "id": "sg-03cba12073886dc10",
            "ingress": [
              {
                "cidr_blocks": [
                  "0.0.0.0/0"
                ],
                "description": "",
                "from_port": 22,
                "ipv6_cidr_blocks": [],
                "prefix_list_ids": [],
                "protocol": "tcp",
                "security_groups": [],
                "self": false,
                "to_port": 22
              },
              {
                "cidr_blocks": [
                  "0.0.0.0/0"
                ],
                "description": "",
                "from_port": 8000,
                "ipv6_cidr_blocks": [],
                "prefix_list_ids": [],
                "protocol": "tcp",
                "security_groups": [],
                "self": false,
                "to_port": 8000
              }
            ],
            "name": "api_sg",
            "name_prefix": "",
            "owner_id": "750375256738",
            "region": "us-east-1",
            "revoke_rules_on_delete": false,
            "tags": {
              "Name": "api_sg"
            },
            "tags_all": {
              "Name": "api_sg"
            },
            "timeouts": null,
            "vpc_id": "vpc-0e5438615f5248655"
          },
          "sensitive_attributes": [],
          "private": "eyJlMmJmYjczMC1lY2FhLTExZTYtOGY4OC0zNDM2M2JjN2M0YzAiOnsiY3JlYXRlIjo2MDAwMDAwMDAwMDAsImRlbGV0ZSI6OTAwMDAwMDAwMDAwfSwic2NoZW1hX3ZlcnNpb24iOiIxIn0=",
          "dependencies": [
            "data.aws_vpc.default"
          ]
        }
      ]
    },
    {
      "mode": "managed",
      "type": "aws_security_group",
      "name": "balancer_sg",
      "provider": "provider[\"registry.terraform.io/hashicorp/aws\"]",
      "instances": [
        {
          "schema_version": 1,
          "attributes": {
            "arn": "arn:aws:ec2:us-east-1:750375256738:security-group/sg-0b85c36a31217f082",
            "description": "Allow SSH only for Producer (initiates outbound connections)",
            "egress": [
              {
                "cidr_blocks": [
                  "0.0.0.0/0"
                ],
                "description": "",
                "from_port": 0,
                "ipv6_cidr_blocks": [],
                "prefix_list_ids": [],
                "protocol": "-1",
                "security_groups": [],
                "self": false,
                "to_port": 0
              }
            ],
            "id": "sg-0b85c36a31217f082",
            "ingress": [
              {
                "cidr_blocks": [
                  "0.0.0.0/0"
                ],
                "description": "",
                "from_port": 22,
                "ipv6_cidr_blocks": [],
                "prefix_list_ids": [],
                "protocol": "tcp",
                "security_groups": [],
                "self": false,
                "to_port": 22
              },
              {
                "cidr_blocks": [
                  "0.0.0.0/0"
                ],
                "description": "",
                "from_port": 80,
                "ipv6_cidr_blocks": [],
                "prefix_list_ids": [],
                "protocol": "tcp",
                "security_groups": [],
                "self": false,
                "to_port": 80
              }
            ],
            "name": "balancer_sg",
            "name_prefix": "",
            "owner_id": "750375256738",
            "region": "us-east-1",
            "revoke_rules_on_delete": false,
            "tags": {
              "Name": "balancer_sg"
            },
            "tags_all": {
              "Name": "balancer_sg"
            },
            "timeouts": null,
            "vpc_id": "vpc-0e5438615f5248655"
          },
          "sensitive_attributes": [],
          "private": "eyJlMmJmYjczMC1lY2FhLTExZTYtOGY4OC0zNDM2M2JjN2M0YzAiOnsiY3JlYXRlIjo2MDAwMDAwMDAwMDAsImRlbGV0ZSI6OTAwMDAwMDAwMDAwfSwic2NoZW1hX3ZlcnNpb24iOiIxIn0=",
          "dependencies": [
            "data.aws_vpc.default"
          ]
        }
      ]
    },
    {
      "mode": "managed",
      "type": "aws_security_group",
      "name": "consumer_delete_sg",
      "provider": "provider[\"registry.terraform.io/hashicorp/aws\"]",
      "instances": [
        {
          "schema_version": 1,
          "attributes": {
            "arn": "arn:aws:ec2:us-east-1:750375256738:security-group/sg-0343d04178e038a8d",
            "description": "Allow SSH only for Consumer DELETE (initiates outbound connections)",
            "egress": [
              {
                "cidr_blocks": [
                  "0.0.0.0/0"
                ],
                "description": "",
                "from_port": 0,
                "ipv6_cidr_blocks": [],
                "prefix_list_ids": [],
                "protocol": "-1",
                "security_groups": [],
                "self": false,
                "to_port": 0
              }
            ],
            "id": "sg-0343d04178e038a8d",
            "ingress": [
              {
                "cidr_blocks": [
                  "0.0.0.0/0"
                ],
                "description": "",
                "from_port": 22,
                "ipv6_cidr_blocks": [],
                "prefix_list_ids": [],
                "protocol": "tcp",
                "security_groups": [],
                "self": false,
                "to_port": 22
              }
            ],
            "name": "consumer_delete_sg",
            "name_prefix": "",
            "owner_id": "750375256738",
            "region": "us-east-1",
            "revoke_rules_on_delete": false,
            "tags": {
              "Name": "consumer_delete_sg"
            },
            "tags_all": {
              "Name": "consumer_delete_sg"
            },
            "timeouts": null,
            "vpc_id": "vpc-0e5438615f5248655"
          },
          "sensitive_attributes": [],
          "private": "eyJlMmJmYjczMC1lY2FhLTExZTYtOGY4OC0zNDM2M2JjN2M0YzAiOnsiY3JlYXRlIjo2MDAwMDAwMDAwMDAsImRlbGV0ZSI6OTAwMDAwMDAwMDAwfSwic2NoZW1hX3ZlcnNpb24iOiIxIn0=",
          "dependencies": [
            "data.aws_vpc.default"
          ]
        }
      ]
    },
    {
      "mode": "managed",
      "type": "aws_security_group",
      "name": "consumer_post_sg",
      "provider": "provider[\"registry.terraform.io/hashicorp/aws\"]",
      "instances": [
        {
          "schema_version": 1,
          "attributes": {
            "arn": "arn:aws:ec2:us-east-1:750375256738:security-group/sg-0e7b295b1a210c5b3",
            "description": "Allow SSH only for Consumer POST (initiates outbound connections)",
            "egress": [
              {
                "cidr_blocks": [
                  "0.0.0.0/0"
                ],
                "description": "",
                "from_port": 0,
                "ipv6_cidr_blocks": [],
                "prefix_list_ids": [],
                "protocol": "-1",
                "security_groups": [],
                "self": false,
                "to_port": 0
              }
            ],
            "id": "sg-0e7b295b1a210c5b3",
            "ingress": [
              {
                "cidr_blocks": [
                  "0.0.0.0/0"
                ],
                "description": "",
                "from_port": 22,
                "ipv6_cidr_blocks": [],
                "prefix_list_ids": [],
                "protocol": "tcp",
                "security_groups": [],
                "self": false,
                "to_port": 22
              }
            ],
            "name": "consumer_post_sg",
            "name_prefix": "",
            "owner_id": "750375256738",
            "region": "us-east-1",
            "revoke_rules_on_delete": false,
            "tags": {
              "Name": "consumer_post_sg"
            },
            "tags_all": {
              "Name": "consumer_post_sg"
            },
            "timeouts": null,
            "vpc_id": "vpc-0e5438615f5248655"
          },
          "sensitive_attributes": [],
          "private": "eyJlMmJmYjczMC1lY2FhLTExZTYtOGY4OC0zNDM2M2JjN2M0YzAiOnsiY3JlYXRlIjo2MDAwMDAwMDAwMDAsImRlbGV0ZSI6OTAwMDAwMDAwMDAwfSwic2NoZW1hX3ZlcnNpb24iOiIxIn0=",
          "dependencies": [
            "data.aws_vpc.default"
          ]
        }
      ]
    },
    {
      "mode": "managed",
      "type": "aws_security_group",
      "name": "postgres_sg",
      "provider": "provider[\"registry.terraform.io/hashicorp/aws\"]",
      "instances": [
        {
          "schema_version": 1,
          "attributes": {
            "arn": "arn:aws:ec2:us-east-1:750375256738:security-group/sg-05ad0f1bd8de19e2a",
            "description": "Allow SSH and PostgreSQL",
            "egress": [
              {
                "cidr_blocks": [
                  "0.0.0.0/0"
                ],
                "description": "",
                "from_port": 0,
                "ipv6_cidr_blocks": [],
                "prefix_list_ids": [],
                "protocol": "-1",
                "security_groups": [],
                "self": false,
                "to_port": 0
              }
            ],
            "id": "sg-05ad0f1bd8de19e2a",
            "ingress": [
              {
                "cidr_blocks": [
                  "0.0.0.0/0"
                ],
                "description": "",
                "from_port": 22,
                "ipv6_cidr_blocks": [],
                "prefix_list_ids": [],
                "protocol": "tcp",
                "security_groups": [],
                "self": false,
                "to_port": 22
              },
              {
                "cidr_blocks": [
                  "0.0.0.0/0"
                ],
                "description": "",
                "from_port": 5432,
                "ipv6_cidr_blocks": [],
                "prefix_list_ids": [],
                "protocol": "tcp",
                "security_groups": [],
                "self": false,
                "to_port": 5432
              }
            ],
            "name": "postgres_sg",
            "name_prefix": "",
            "owner_id": "750375256738",
            "region": "us-east-1",
            "revoke_rules_on_delete": false,
            "tags": {
              "Name": "postgres_sg"
            },
            "tags_all": {
              "Name": "postgres_sg"
            },
            "timeouts": null,
            "vpc_id": "vpc-0e5438615f5248655"
          },
          "sensitive_attributes": [],
          "private": "eyJlMmJmYjczMC1lY2FhLTExZTYtOGY4OC0zNDM2M2JjN2M0YzAiOnsiY3JlYXRlIjo2MDAwMDAwMDAwMDAsImRlbGV0ZSI6OTAwMDAwMDAwMDAwfSwic2NoZW1hX3ZlcnNpb24iOiIxIn0=",
          "dependencies": [
            "data.aws_vpc.default"
          ]
        }
      ]
    },
    {
      "mode": "managed",
      "type": "aws_security_group",
      "name": "rabbitmq_sg",
      "provider": "provider[\"registry.terraform.io/hashicorp/aws\"]",
      "instances": [
        {
          "schema_version": 1,
          "attributes": {
            "arn": "arn:aws:ec2:us-east-1:750375256738:security-group/sg-0a974b2c96038af40",
            "description": "Allow SSH, AMQP, and RabbitMQ Management API",
            "egress": [
              {
                "cidr_blocks": [
                  "0.0.0.0/0"
                ],
                "description": "",
                "from_port": 0,
                "ipv6_cidr_blocks": [],
                "prefix_list_ids": [],
                "protocol": "-1",
                "security_groups": [],
                "self": false,
                "to_port": 0
              }
            ],
            "id": "sg-0a974b2c96038af40",
            "ingress": [
              {
                "cidr_blocks": [
                  "0.0.0.0/0"
                ],
                "description": "",
                "from_port": 15672,
                "ipv6_cidr_blocks": [],
                "prefix_list_ids": [],
                "protocol": "tcp",
                "security_groups": [],
                "self": false,
                "to_port": 15672
              },
              {
                "cidr_blocks": [
                  "0.0.0.0/0"
                ],
                "description": "",
                "from_port": 22,
                "ipv6_cidr_blocks": [],
                "prefix_list_ids": [],
                "protocol": "tcp",
                "security_groups": [],
                "self": false,
                "to_port": 22
              },
              {
                "cidr_blocks": [
                  "0.0.0.0/0"
                ],
                "description": "",
                "from_port": 5672,
                "ipv6_cidr_blocks": [],
                "prefix_list_ids": [],
                "protocol": "tcp",
                "security_groups": [],
                "self": false,
                "to_port": 5672
              }
            ],
            "name": "rabbitmq_sg",
            "name_prefix": "",
            "owner_id": "750375256738",
            "region": "us-east-1",
            "revoke_rules_on_delete": false,
            "tags": {
              "Name": "rabbitmq_sg"
            },
            "tags_all": {
              "Name": "rabbitmq_sg"
            },
            "timeouts": null,
            "vpc_id": "vpc-0e5438615f5248655"
          },
          "sensitive_attributes": [],
          "private": "eyJlMmJmYjczMC1lY2FhLTExZTYtOGY4OC0zNDM2M2JjN2M0YzAiOnsiY3JlYXRlIjo2MDAwMDAwMDAwMDAsImRlbGV0ZSI6OTAwMDAwMDAwMDAwfSwic2NoZW1hX3ZlcnNpb24iOiIxIn0=",
          "dependencies": [
            "data.aws_vpc.default"
          ]
        }
      ]
    },
    {
      "mode": "managed",
      "type": "aws_ssm_parameter",
      "name": "api_ip",
      "provider": "provider[\"registry.terraform.io/hashicorp/aws\"]",
      "instances": [
        {
          "schema_version": 0,
          "attributes": {
            "allowed_pattern": "",
            "arn": "arn:aws:ssm:us-east-1:750375256738:parameter/iot/dev/api/public_ip",
            "data_type": "text",
            "description": "",
            "has_value_wo": false,
            "id": "/iot/dev/api/public_ip",
            "insecure_value": null,
            "key_id": "",
            "name": "/iot/dev/api/public_ip",
            "overwrite": null,
            "region": "us-east-1",
            "tags": null,
            "tags_all": {},
            "tier": "Standard",
            "type": "String",
            "value": "44.221.50.92",
            "value_wo": null,
            "value_wo_version": null,
            "version": 1
          },
          "sensitive_attributes": [
            [
              {
                "type": "get_attr",
                "value": "value"
              }
            ],
            [
              {
                "type": "get_attr",
                "value": "value_wo"
              }
            ]
          ],
          "private": "bnVsbA==",
          "dependencies": [
            "aws_instance.api",
            "aws_security_group.api_sg",
            "data.aws_subnets.default",
            "data.aws_vpc.default"
          ]
        }
      ]
    },
    {
      "mode": "managed",
      "type": "aws_ssm_parameter",
      "name": "balancer_ip",
      "provider": "provider[\"registry.terraform.io/hashicorp/aws\"]",
      "instances": [
        {
          "schema_version": 0,
          "attributes": {
            "allowed_pattern": "",
            "arn": "arn:aws:ssm:us-east-1:750375256738:parameter/iot/dev/balancer/public_ip",
            "data_type": "text",
            "description": "",
            "has_value_wo": false,
            "id": "/iot/dev/balancer/public_ip",
            "insecure_value": null,
            "key_id": "",
            "name": "/iot/dev/balancer/public_ip",
            "overwrite": null,
            "region": "us-east-1",
            "tags": null,
            "tags_all": {},
            "tier": "Standard",
            "type": "String",
            "value": "32.194.169.116",
            "value_wo": null,
            "value_wo_version": null,
            "version": 1
          },
          "sensitive_attributes": [
            [
              {
                "type": "get_attr",
                "value": "value"
              }
            ],
            [
              {
                "type": "get_attr",
                "value": "value_wo"
              }
            ]
          ],
          "private": "bnVsbA==",
          "dependencies": [
            "aws_instance.api",
            "aws_instance.balancer",
            "aws_security_group.api_sg",
            "aws_security_group.balancer_sg",
            "aws_ssm_parameter.api_ip",
            "data.aws_subnets.default",
            "data.aws_vpc.default"
          ]
        }
      ]
    },
    {
      "mode": "managed",
      "type": "aws_ssm_parameter",
      "name": "consumer_delete_ip",
      "provider": "provider[\"registry.terraform.io/hashicorp/aws\"]",
      "instances": [
        {
          "schema_version": 0,
          "attributes": {
            "allowed_pattern": "",
            "arn": "arn:aws:ssm:us-east-1:750375256738:parameter/iot/dev/consumer-delete/public_ip",
            "data_type": "text",
            "description": "",
            "has_value_wo": false,
            "id": "/iot/dev/consumer-delete/public_ip",
            "insecure_value": null,
            "key_id": "",
            "name": "/iot/dev/consumer-delete/public_ip",
            "overwrite": null,
            "region": "us-east-1",
            "tags": null,
            "tags_all": {},
            "tier": "Standard",
            "type": "String",
            "value": "3.238.228.16",
            "value_wo": null,
            "value_wo_version": null,
            "version": 1
          },
          "sensitive_attributes": [
            [
              {
                "type": "get_attr",
                "value": "value_wo"
              }
            ],
            [
              {
                "type": "get_attr",
                "value": "value"
              }
            ]
          ],
          "private": "bnVsbA==",
          "dependencies": [
            "aws_instance.consumer_delete",
            "aws_security_group.consumer_delete_sg",
            "data.aws_subnets.default",
            "data.aws_vpc.default"
          ]
        }
      ]
    },
    {
      "mode": "managed",
      "type": "aws_ssm_parameter",
      "name": "consumer_post_ip",
      "provider": "provider[\"registry.terraform.io/hashicorp/aws\"]",
      "instances": [
        {
          "schema_version": 0,
          "attributes": {
            "allowed_pattern": "",
            "arn": "arn:aws:ssm:us-east-1:750375256738:parameter/iot/dev/consumer-post/public_ip",
            "data_type": "text",
            "description": "",
            "has_value_wo": false,
            "id": "/iot/dev/consumer-post/public_ip",
            "insecure_value": null,
            "key_id": "",
            "name": "/iot/dev/consumer-post/public_ip",
            "overwrite": null,
            "region": "us-east-1",
            "tags": null,
            "tags_all": {},
            "tier": "Standard",
            "type": "String",
            "value": "44.192.13.61",
            "value_wo": null,
            "value_wo_version": null,
            "version": 1
          },
          "sensitive_attributes": [
            [
              {
                "type": "get_attr",
                "value": "value_wo"
              }
            ],
            [
              {
                "type": "get_attr",
                "value": "value"
              }
            ]
          ],
          "private": "bnVsbA==",
          "dependencies": [
            "aws_instance.consumer_post",
            "aws_security_group.consumer_post_sg",
            "data.aws_subnets.default",
            "data.aws_vpc.default"
          ]
        }
      ]
    },
    {
      "mode": "managed",
      "type": "aws_ssm_parameter",
      "name": "postgres_ip",
      "provider": "provider[\"registry.terraform.io/hashicorp/aws\"]",
      "instances": [
        {
          "schema_version": 0,
          "attributes": {
            "allowed_pattern": "",
            "arn": "arn:aws:ssm:us-east-1:750375256738:parameter/iot/dev/postgres/public_ip",
            "data_type": "text",
            "description": "",
            "has_value_wo": false,
            "id": "/iot/dev/postgres/public_ip",
            "insecure_value": null,
            "key_id": "",
            "name": "/iot/dev/postgres/public_ip",
            "overwrite": null,
            "region": "us-east-1",
            "tags": null,
            "tags_all": {},
            "tier": "Standard",
            "type": "String",
            "value": "34.204.194.217",
            "value_wo": null,
            "value_wo_version": null,
            "version": 1
          },
          "sensitive_attributes": [
            [
              {
                "type": "get_attr",
                "value": "value"
              }
            ],
            [
              {
                "type": "get_attr",
                "value": "value_wo"
              }
            ]
          ],
          "private": "bnVsbA==",
          "dependencies": [
            "aws_instance.postgres",
            "aws_security_group.postgres_sg",
            "data.aws_subnets.default",
            "data.aws_vpc.default"
          ]
        }
      ]
    },
    {
      "mode": "managed",
      "type": "aws_ssm_parameter",
      "name": "rabbitmq_ip",
      "provider": "provider[\"registry.terraform.io/hashicorp/aws\"]",
      "instances": [
        {
          "schema_version": 0,
          "attributes": {
            "allowed_pattern": "",
            "arn": "arn:aws:ssm:us-east-1:750375256738:parameter/iot/dev/rabbitmq/public_ip",
            "data_type": "text",
            "description": "",
            "has_value_wo": false,
            "id": "/iot/dev/rabbitmq/public_ip",
            "insecure_value": null,
            "key_id": "",
            "name": "/iot/dev/rabbitmq/public_ip",
            "overwrite": null,
            "region": "us-east-1",
            "tags": null,
            "tags_all": {},
            "tier": "Standard",
            "type": "String",
            "value": "44.213.65.95",
            "value_wo": null,
            "value_wo_version": null,
            "version": 1
          },
          "sensitive_attributes": [
            [
              {
                "type": "get_attr",
                "value": "value_wo"
              }
            ],
            [
              {
                "type": "get_attr",
                "value": "value"
              }
            ]
          ],
          "private": "bnVsbA==",
          "dependencies": [
            "aws_instance.rabbitmq",
            "aws_security_group.rabbitmq_sg",
            "data.aws_subnets.default",
            "data.aws_vpc.default"
          ]
        }
      ]
    }
  ],
  "check_results": null
}
